
Microsoft Visual Studio Solution File, Format Version 12.00
# Visual Studio Version 16
VisualStudioVersion = 16.0.30523.141
MinimumVisualStudioVersion = 10.0.40219.1
Project("{FAE04EC0-301F-11D3-BF4B-00C04F79EFBC}") = "OOP_Intro", "OOP_Intro\OOP_Intro.csproj", "{6C1D5B75-E1C4-4559-8EC7-515B568E5CA8}"
EndProject
Global
	GlobalSection(SolutionConfigurationPlatforms) = preSolution
		Debug|Any CPU = Debug|Any CPU
		Release|Any CPU = Release|Any CPU
	EndGlobalSection
	GlobalSection(ProjectConfigurationPlatforms) = postSolution
		{6C1D5B75-E1C4-4559-8EC7-515B568E5CA8}.Debug|Any CPU.ActiveCfg = Debug|Any CPU
		{6C1D5B75-E1C4-4559-8EC7-515B568E5CA8}.Debug|Any CPU.Build.0 = Debug|Any CPU
		{6C1D5B75-E1C4-4559-8EC7-515B568E5CA8}.Release|Any CPU.ActiveCfg = Release|Any CPU
		{6C1D5B75-E1C4-4559-8EC7-515B568E5CA8}.Release|Any CPU.Build.0 = Release|Any CPU
	EndGlobalSection
	GlobalSection(SolutionProperties) = preSolution
		HideSolutionNode = FALSE
	EndGlobalSection
	GlobalSection(ExtensibilityGlobals) = postSolution
		SolutionGuid = {03056AD7-C403-48F4-A129-B68AF1B37E5D}
	EndGlobalSection
EndGlobal
